{
  "version": 4,
  "terraform_version": "1.9.1",
  "serial": 91,
  "lineage": "8dd1393e-2209-40cf-166c-45664c254b46",
  "outputs": {},
  "resources": [
    {
      "mode": "data",
      "type": "local_file",
      "name": "pet",
      "provider": "provider[\"registry.terraform.io/hashicorp/local\"]",
      "instances": [
        {
          "schema_version": 0,
          "attributes": {
            "content": "hello i am file - f1 data.",
            "content_base64": "aGVsbG8gaSBhbSBmaWxlIC0gZjEgZGF0YS4=",
            "content_base64sha256": "cHbkERt6WWqJ35aKRjbPNDrwZiHzBK4imC2jIVPrkwU=",
            "content_base64sha512": "PmPTFdnG97lH/1xP8zYC2FzcS4QDckTEl1Bktf6lHuwpfO9rTP2MNhXjUq44Gfqsx0EC/4/II1lBPpzasWAiGw==",
            "content_md5": "191339027d0188857d9496d9162c8b81",
            "content_sha1": "60cdd93f3cf5a4ec04f4a5e5da93e8452b197162",
            "content_sha256": "7076e4111b7a596a89df968a4636cf343af06621f304ae22982da32153eb9305",
            "content_sha512": "3e63d315d9c6f7b947ff5c4ff33602d85cdc4b84037244c4975064b5fea51eec297cef6b4cfd8c3615e352ae3819faacc74102ff8fc82359413e9cdab160221b",
            "filename": "/home/rkyasan44/tf/local/f1.txt",
            "id": "60cdd93f3cf5a4ec04f4a5e5da93e8452b197162"
          },
          "sensitive_attributes": []
        }
      ]
    },
    {
      "mode": "managed",
      "type": "local_file",
      "name": "chey",
      "provider": "provider[\"registry.terraform.io/hashicorp/local\"]",
      "instances": [
        {
          "schema_version": 0,
          "attributes": {
            "content": "hello i am file - f1 data.",
            "content_base64": null,
            "content_base64sha256": "cHbkERt6WWqJ35aKRjbPNDrwZiHzBK4imC2jIVPrkwU=",
            "content_base64sha512": "PmPTFdnG97lH/1xP8zYC2FzcS4QDckTEl1Bktf6lHuwpfO9rTP2MNhXjUq44Gfqsx0EC/4/II1lBPpzasWAiGw==",
            "content_md5": "191339027d0188857d9496d9162c8b81",
            "content_sha1": "60cdd93f3cf5a4ec04f4a5e5da93e8452b197162",
            "content_sha256": "7076e4111b7a596a89df968a4636cf343af06621f304ae22982da32153eb9305",
            "content_sha512": "3e63d315d9c6f7b947ff5c4ff33602d85cdc4b84037244c4975064b5fea51eec297cef6b4cfd8c3615e352ae3819faacc74102ff8fc82359413e9cdab160221b",
            "directory_permission": "0777",
            "file_permission": "0777",
            "filename": "/home/rkyasan44/tf/cheyram.txt",
            "id": "60cdd93f3cf5a4ec04f4a5e5da93e8452b197162",
            "sensitive_content": null,
            "source": null
          },
          "sensitive_attributes": [
            [
              {
                "type": "get_attr",
                "value": "sensitive_content"
              }
            ]
          ],
          "dependencies": [
            "data.local_file.pet"
          ]
        }
      ]
    },
    {
      "mode": "managed",
      "type": "local_file",
      "name": "files",
      "provider": "provider[\"registry.terraform.io/hashicorp/local\"]",
      "instances": [
        {
          "index_key": 0,
          "schema_version": 0,
          "attributes": {
            "content": "tf code 123 meta-args",
            "content_base64": null,
            "content_base64sha256": "7qpKQ5hYvMlBVAtupnsz+5JxSxImJEtkUa7WZYDH2e4=",
            "content_base64sha512": "t/yMY0ZmU+AW5YENvPpoWuaCVNcvI0dRuRyBeDCv4fog0cRRm1W9xFkecUZ9YqDyfAfmBYRldF8ThBVb85yhWg==",
            "content_md5": "b990ca58f32146fca86036794501606e",
            "content_sha1": "485b658f0f543cb0c0a876611362bcd2501401c0",
            "content_sha256": "eeaa4a439858bcc941540b6ea67b33fb92714b1226244b6451aed66580c7d9ee",
            "content_sha512": "b7fc8c63466653e016e5810dbcfa685ae68254d72f234751b91c817830afe1fa20d1c4519b55bdc4591e71467d62a0f27c07e6058465745f1384155bf39ca15a",
            "directory_permission": "0777",
            "file_permission": "0777",
            "filename": "./1.txt",
            "id": "485b658f0f543cb0c0a876611362bcd2501401c0",
            "sensitive_content": null,
            "source": null
          },
          "sensitive_attributes": [
            [
              {
                "type": "get_attr",
                "value": "sensitive_content"
              }
            ]
          ]
        },
        {
          "index_key": 1,
          "schema_version": 0,
          "attributes": {
            "content": "tf code 123 meta-args",
            "content_base64": null,
            "content_base64sha256": "7qpKQ5hYvMlBVAtupnsz+5JxSxImJEtkUa7WZYDH2e4=",
            "content_base64sha512": "t/yMY0ZmU+AW5YENvPpoWuaCVNcvI0dRuRyBeDCv4fog0cRRm1W9xFkecUZ9YqDyfAfmBYRldF8ThBVb85yhWg==",
            "content_md5": "b990ca58f32146fca86036794501606e",
            "content_sha1": "485b658f0f543cb0c0a876611362bcd2501401c0",
            "content_sha256": "eeaa4a439858bcc941540b6ea67b33fb92714b1226244b6451aed66580c7d9ee",
            "content_sha512": "b7fc8c63466653e016e5810dbcfa685ae68254d72f234751b91c817830afe1fa20d1c4519b55bdc4591e71467d62a0f27c07e6058465745f1384155bf39ca15a",
            "directory_permission": "0777",
            "file_permission": "0777",
            "filename": "./2.txt",
            "id": "485b658f0f543cb0c0a876611362bcd2501401c0",
            "sensitive_content": null,
            "source": null
          },
          "sensitive_attributes": [
            [
              {
                "type": "get_attr",
                "value": "sensitive_content"
              }
            ]
          ]
        },
        {
          "index_key": 2,
          "schema_version": 0,
          "attributes": {
            "content": "tf code 123 meta-args",
            "content_base64": null,
            "content_base64sha256": "7qpKQ5hYvMlBVAtupnsz+5JxSxImJEtkUa7WZYDH2e4=",
            "content_base64sha512": "t/yMY0ZmU+AW5YENvPpoWuaCVNcvI0dRuRyBeDCv4fog0cRRm1W9xFkecUZ9YqDyfAfmBYRldF8ThBVb85yhWg==",
            "content_md5": "b990ca58f32146fca86036794501606e",
            "content_sha1": "485b658f0f543cb0c0a876611362bcd2501401c0",
            "content_sha256": "eeaa4a439858bcc941540b6ea67b33fb92714b1226244b6451aed66580c7d9ee",
            "content_sha512": "b7fc8c63466653e016e5810dbcfa685ae68254d72f234751b91c817830afe1fa20d1c4519b55bdc4591e71467d62a0f27c07e6058465745f1384155bf39ca15a",
            "directory_permission": "0777",
            "file_permission": "0777",
            "filename": "./3.txt",
            "id": "485b658f0f543cb0c0a876611362bcd2501401c0",
            "sensitive_content": null,
            "source": null
          },
          "sensitive_attributes": [
            [
              {
                "type": "get_attr",
                "value": "sensitive_content"
              }
            ]
          ]
        }
      ]
    },
    {
      "mode": "managed",
      "type": "local_file",
      "name": "forFile",
      "provider": "provider[\"registry.terraform.io/hashicorp/local\"]",
      "instances": [
        {
          "index_key": "./1x.txt",
          "schema_version": 0,
          "attributes": {
            "content": "for loop content",
            "content_base64": null,
            "content_base64sha256": "kiYWgl57H3wgd6anGPVWn3ZpsPfFnZ2UeGwRpiI0a9I=",
            "content_base64sha512": "QHUaMHA1i9baDinDz0MQoG4xzUF8Fbpkpht9f57RM09hGQEWoGOFXQ7z1nBop85Fo+rYEJ9AQO1mbVB8oSfDcg==",
            "content_md5": "5b046ca572009dffce01c46e6d0cf7f2",
            "content_sha1": "b01126bcf81654c19aa3315b1a7a05b316a9464b",
            "content_sha256": "922616825e7b1f7c2077a6a718f5569f7669b0f7c59d9d94786c11a622346bd2",
            "content_sha512": "40751a3070358bd6da0e29c3cf4310a06e31cd417c15ba64a61b7d7f9ed1334f61190116a063855d0ef3d67068a7ce45a3ead8109f4040ed666d507ca127c372",
            "directory_permission": "0777",
            "file_permission": "0777",
            "filename": "./1x.txt",
            "id": "b01126bcf81654c19aa3315b1a7a05b316a9464b",
            "sensitive_content": null,
            "source": null
          },
          "sensitive_attributes": [
            [
              {
                "type": "get_attr",
                "value": "sensitive_content"
              }
            ]
          ]
        },
        {
          "index_key": "./2x.txt",
          "schema_version": 0,
          "attributes": {
            "content": "for loop content",
            "content_base64": null,
            "content_base64sha256": "kiYWgl57H3wgd6anGPVWn3ZpsPfFnZ2UeGwRpiI0a9I=",
            "content_base64sha512": "QHUaMHA1i9baDinDz0MQoG4xzUF8Fbpkpht9f57RM09hGQEWoGOFXQ7z1nBop85Fo+rYEJ9AQO1mbVB8oSfDcg==",
            "content_md5": "5b046ca572009dffce01c46e6d0cf7f2",
            "content_sha1": "b01126bcf81654c19aa3315b1a7a05b316a9464b",
            "content_sha256": "922616825e7b1f7c2077a6a718f5569f7669b0f7c59d9d94786c11a622346bd2",
            "content_sha512": "40751a3070358bd6da0e29c3cf4310a06e31cd417c15ba64a61b7d7f9ed1334f61190116a063855d0ef3d67068a7ce45a3ead8109f4040ed666d507ca127c372",
            "directory_permission": "0777",
            "file_permission": "0777",
            "filename": "./2x.txt",
            "id": "b01126bcf81654c19aa3315b1a7a05b316a9464b",
            "sensitive_content": null,
            "source": null
          },
          "sensitive_attributes": [
            [
              {
                "type": "get_attr",
                "value": "sensitive_content"
              }
            ]
          ]
        },
        {
          "index_key": "./3x.txt",
          "schema_version": 0,
          "attributes": {
            "content": "for loop content",
            "content_base64": null,
            "content_base64sha256": "kiYWgl57H3wgd6anGPVWn3ZpsPfFnZ2UeGwRpiI0a9I=",
            "content_base64sha512": "QHUaMHA1i9baDinDz0MQoG4xzUF8Fbpkpht9f57RM09hGQEWoGOFXQ7z1nBop85Fo+rYEJ9AQO1mbVB8oSfDcg==",
            "content_md5": "5b046ca572009dffce01c46e6d0cf7f2",
            "content_sha1": "b01126bcf81654c19aa3315b1a7a05b316a9464b",
            "content_sha256": "922616825e7b1f7c2077a6a718f5569f7669b0f7c59d9d94786c11a622346bd2",
            "content_sha512": "40751a3070358bd6da0e29c3cf4310a06e31cd417c15ba64a61b7d7f9ed1334f61190116a063855d0ef3d67068a7ce45a3ead8109f4040ed666d507ca127c372",
            "directory_permission": "0777",
            "file_permission": "0777",
            "filename": "./3x.txt",
            "id": "b01126bcf81654c19aa3315b1a7a05b316a9464b",
            "sensitive_content": null,
            "source": null
          },
          "sensitive_attributes": [
            [
              {
                "type": "get_attr",
                "value": "sensitive_content"
              }
            ]
          ]
        },
        {
          "index_key": "./4x.txt",
          "schema_version": 0,
          "attributes": {
            "content": "for loop content",
            "content_base64": null,
            "content_base64sha256": "kiYWgl57H3wgd6anGPVWn3ZpsPfFnZ2UeGwRpiI0a9I=",
            "content_base64sha512": "QHUaMHA1i9baDinDz0MQoG4xzUF8Fbpkpht9f57RM09hGQEWoGOFXQ7z1nBop85Fo+rYEJ9AQO1mbVB8oSfDcg==",
            "content_md5": "5b046ca572009dffce01c46e6d0cf7f2",
            "content_sha1": "b01126bcf81654c19aa3315b1a7a05b316a9464b",
            "content_sha256": "922616825e7b1f7c2077a6a718f5569f7669b0f7c59d9d94786c11a622346bd2",
            "content_sha512": "40751a3070358bd6da0e29c3cf4310a06e31cd417c15ba64a61b7d7f9ed1334f61190116a063855d0ef3d67068a7ce45a3ead8109f4040ed666d507ca127c372",
            "directory_permission": "0777",
            "file_permission": "0777",
            "filename": "./4x.txt",
            "id": "b01126bcf81654c19aa3315b1a7a05b316a9464b",
            "sensitive_content": null,
            "source": null
          },
          "sensitive_attributes": [
            [
              {
                "type": "get_attr",
                "value": "sensitive_content"
              }
            ]
          ]
        },
        {
          "index_key": "./5x.txt",
          "schema_version": 0,
          "attributes": {
            "content": "for loop content",
            "content_base64": null,
            "content_base64sha256": "kiYWgl57H3wgd6anGPVWn3ZpsPfFnZ2UeGwRpiI0a9I=",
            "content_base64sha512": "QHUaMHA1i9baDinDz0MQoG4xzUF8Fbpkpht9f57RM09hGQEWoGOFXQ7z1nBop85Fo+rYEJ9AQO1mbVB8oSfDcg==",
            "content_md5": "5b046ca572009dffce01c46e6d0cf7f2",
            "content_sha1": "b01126bcf81654c19aa3315b1a7a05b316a9464b",
            "content_sha256": "922616825e7b1f7c2077a6a718f5569f7669b0f7c59d9d94786c11a622346bd2",
            "content_sha512": "40751a3070358bd6da0e29c3cf4310a06e31cd417c15ba64a61b7d7f9ed1334f61190116a063855d0ef3d67068a7ce45a3ead8109f4040ed666d507ca127c372",
            "directory_permission": "0777",
            "file_permission": "0777",
            "filename": "./5x.txt",
            "id": "b01126bcf81654c19aa3315b1a7a05b316a9464b",
            "sensitive_content": null,
            "source": null
          },
          "sensitive_attributes": [
            [
              {
                "type": "get_attr",
                "value": "sensitive_content"
              }
            ]
          ]
        }
      ]
    },
    {
      "mode": "managed",
      "type": "local_file",
      "name": "josh",
      "provider": "provider[\"registry.terraform.io/hashicorp/local\"]",
      "instances": [
        {
          "schema_version": 0,
          "attributes": {
            "content": "we love cherry boy!",
            "content_base64": null,
            "content_base64sha256": "7NqduFBNrUWxoF4c9SeaJ2xpqXQ9ij3LjCgehDpm7dQ=",
            "content_base64sha512": "qyIRu25TMPNFFWklOUvmX20WsyaFcGs+W9i8Gf2P0QEHKVI0NfS+DQ+/m4jF8AQt2z+MExT2YZ0n/YD3Nqz8hQ==",
            "content_md5": "a264b6bf0eff58799797ccbf9562b723",
            "content_sha1": "09d1262e6e6ba2ba5be98b2d39ef91b76d01d7e7",
            "content_sha256": "ecda9db8504dad45b1a05e1cf5279a276c69a9743d8a3dcb8c281e843a66edd4",
            "content_sha512": "ab2211bb6e5330f345156925394be65f6d16b32685706b3e5bd8bc19fd8fd1010729523435f4be0d0fbf9b88c5f0042ddb3f8c1314f6619d27fd80f736acfc85",
            "directory_permission": "0777",
            "file_permission": "0777",
            "filename": "/home/rkyasan44/tf/joshram.txt",
            "id": "09d1262e6e6ba2ba5be98b2d39ef91b76d01d7e7",
            "sensitive_content": null,
            "source": null
          },
          "sensitive_attributes": [
            [
              {
                "type": "get_attr",
                "value": "sensitive_content"
              }
            ]
          ]
        }
      ]
    },
    {
      "mode": "managed",
      "type": "local_file",
      "name": "key_details",
      "provider": "provider[\"registry.terraform.io/hashicorp/local\"]",
      "instances": [
        {
          "schema_version": 0,
          "attributes": {
            "content": "-----BEGIN RSA PRIVATE KEY-----\nMIIJKQIBAAKCAgEA6Uuc+4tZ/2EX5RQPe1D59r4zZ2JcYQpwjZM1HDlwjk9KapMC\nzOKRyrIzRHW0morQYqwflaCcKn7DRKhsrkKBlScj0fB6ycsLWztJnystZvQOl4OR\nqkPU1dKdtc0ksAZ2q/9rZaZx1DmGm3ZTrwAB+GB5W+EKDwfKBsT8Ar1yg+Bt/3P1\ng8DEQnVrSpvB0Ta9QphxzCDksp0Mec8W9RCopvgocOSznXbacUoK1Rafz7qMcl/4\nEKBWzY1fvxe2rucF5k0/tamQnegPNbtF+OBh3mFhxuP7epkLy742Sus4rsKW42dn\nh8l+Hk9gz3ynWjafDPe2tzwYgR0o7Ai2qv/NA/SHNgBZSrjtZt6+puzwQ/HvMPGi\nzAI4SHSbHgFX4WhxFvAdDyE/15pEflQm6QfJhtKHi4jrJA6jknNMrkHP8p9Xnyg8\na0qRGutuTDO5lnwFNFAhWzNX61Gvml2JNKUWqfXAU0W701PQZc6NsSpCk7n2QOgs\nA+lSTrO/6ZQtkvF5orJcpTLjfeTY7NTbb7xypBvkggEk5e7MJn8MXeByJkgP1bb0\n4/M147NFE3UBRol2vrfPox+2aOOKt/lwolIKMAPVKHUa9gddT/liX1wvuGOlUulf\nPPR+v6y0bzDeR2bIy2qilJIu5Excxp/TSATQ3mVc1GnGLnikCzoi1HlHkD8CAwEA\nAQKCAgANcCSPvLwnYLFeqaQmp0hutRAC8YB+uno3PXZ+tLRODjUsJGGx6Y8aTN91\nHw6TJFHSjTWYidLVA849ozH3a69JJyMCEccQ3pg93hFkkLkhyAcbJSH728JjuqkI\n8tMdLJIjYCgQh+Dgp5ugUtWJLAfxBaWX7EOHEBzL/QbDJaR2AjRz1Xsb5runVFok\nxwoIAg4uytcrOe3SeAdi8NHSte3xCDRUJGhQNqtogSpUkeQMtCMo52xDkOjPGEie\nmkAUnQwS8vorfaPt5JMTtkDWkB4zEArwyOsQacZrKv63nAr8zgqg+LDW+n1AQ7RA\n315IbQMGXTJyJY0HyuUzi2DyQp/NcV3MjsRDDLc03NbdeIkeV5AJPEFJNZANjQYG\ndCjbRN4a5O7wPZ3G/Gm6IGfNtW3uO5dPo+/6MiPrTyhjbLbZUTPaIoVQHorrhd+v\nUp81GUwa0LRdOT1V9PPQSkFv9FQggjvnjkQKDoA65S1CdQQnPRRdmZ8VE802Kav4\nUmi7zt+iYITzm8Bxuqb8VK40ihukJjWUcxhNBHgNGMIHoOnJMzNXuoIKOtzdet9r\nKwRTkSMRNhP4bUrKLxHhCH2NCWoebW9ASJDUOlQyp0F3xoltzSCtcPgxIKXQoWph\nr4ItUR5bbXMG+D0y0/P7WRXzp/ASK7knBl5aZBWjzRRJKJ4y4QKCAQEA8rXf2C7P\nm+XtQXYplC6wJc5FzxNSh3d4poluQ8tMr9mPdvfemS28UI6jhEUM3DP8PlFVOiAF\npxNEaFH76T7iGWPxJazOa/EgS3aGaXGSf7p/4sA7WtHMvIfPE9uVkcchyzHSJWP/\nMNdetSxVgNZZwJ28rS2AOFle/3a9dfv5F3p80+hQVUc7eOdf/82pcKbJXKr+bq11\nYjnR5QYFipK+8xNncacCWQuzWhhVk9j07MO3Z2fLHVPsli3Z1XJ7F827gMCTcXi9\nShciKMGMr4n7uRs7J+5vGJafyMrtJbSs4vKhHJyBsbEsR9bgqCNz1G7NJB+ZjpLw\nLslc8txjj+I3LwKCAQEA9hHD+mdBVj9QprpUSq23STiIGyIgPuxF7sjSPtm5kCYo\nzS3KTB8WDaVoMkkzop+IcPqnvqVE6k1owbE2x+ZOKcfH48+EvMhkXJ0otfgDaKVM\nJDH/hm4q58TnbRiM/BzRUE0lOd5rMNr1gfCbdOSUfZxrrrUXd5TpioDH3L+5wEPT\nvC+PEhhlNDglcAqj5JH9v9p2CAGR/08n22OzE0Aq16DAELIhA/L27VtCfsr3YyZK\nK13XPtxQ6Q+NWTAHbL9ZE9GIWGTuZ2RbjxxyYJ0Ipgf8YeovhdqcUHuBgi+3/okF\n5sdz1W0IKgmS491ZlnZnh2fER/L4rlpzgJKUqBDz8QKCAQEAgTCWCbhBAbaNZz7C\nOwHu+PCm7+ZVE45gRiT48FUSaLfhSW3+qoJRrn9+QjWO9tck+PbJ6rqIx7nVu8GH\n2UuDhghQn8Evzvz2N7TLLu0pEZvv3n58GYd69w9DBkrnfkUEk+fc99IWT6UT4FPM\n31s5QvGzMGr7yQKpMkm950NL/1dPgmwx9nKIEX729m4+NpxQqmbKL5dc1//23XUr\nFeuugCxf73r6IPO9b8NsKdpd5Hj48q2oy9+UGwwk2xyosK7tk0buNIQUHY/aut7r\nR7SmrIz2G/cqY2gpfPOm718Qd2y2nUghMLgh3cteoaDdUsH3p7a6Qc2s0vqT4yG0\nTS4YOQKCAQEAom41vMx+H62p0nU7ARTM4WOUzLxpJsAWpbogtuZIDLRzyIUKfdcj\nWpyuPEt/70B584IySrGT3Up99SXC8I/BVukOtP2eNHPfdBc18XCm52P98AKlFxsP\n7XBYB/bl0eI/9U8HXLzKazSOTVkDdVUSBBzGJExcEk7VHt1FkR1qQ1VCpn2KZrp9\ny8uoQt5zM4V/SC6wLTbEJhEdUT/tzK5V2YK+Zgb/rjiq8SGFsmbOiL+UxC2s0Uzj\niAUBHDeNHybsaR2ucBMoIE3p9n0jr0zZkafB3OyWtDgLaUEtyz8uqLHQmHdeqirP\n8dfiA9JwudatHn/L3Gax632/ssaPpKWUMQKCAQBAezf37BEETxGq07O6Uey10LzL\nKCS35vx4CbSy1klDj6bcdbRpIhnVltIcHRJA2tgHlHiAFKDbwfD4GJYAXK30ic6u\ntogouFdwyt6IDKQEQhzq1GdSN6ydENlF2i7D3HaG3sKrDgPhTknrQitmHCQaf9mE\n7XYI+Mxjk7GYcgEN0zk91cjmwjiiPSQiA5zYhDdCU4jqoJeGQg1S1yw38+46khTP\n0YzrlstJ7OATslaV04jgh6qVVFFw0TL+pmCfk8UxbXBxrreHcf1NPrgARbXcLv2+\nv0rZrd8ZSWYAVNdUEVNA5FYfCB+AES4HDEIZXfOc1SU81AP8ENvirD86ulxs\n-----END RSA PRIVATE KEY-----\n",
            "content_base64": null,
            "content_base64sha256": "K3RG/5c+FXH9KFWecvb0I8g4DoOaYeoq8En8qCw49zc=",
            "content_base64sha512": "HQeXuDbuhFxI8zXx0EotS/jFYR1NPA5DZF2Rhre731szM+Zku6X9lUOO/Y46WcAs+s20QvvjaJ1D5Ya+TQsyDw==",
            "content_md5": "232bbec6460f43996336c73b88bf765b",
            "content_sha1": "aa86e0a9be3a32ad3bc94211076998e95e028a13",
            "content_sha256": "2b7446ff973e1571fd28559e72f6f423c8380e839a61ea2af049fca82c38f737",
            "content_sha512": "1d0797b836ee845c48f335f1d04a2d4bf8c5611d4d3c0e43645d9186b7bbdf5b3333e664bba5fd95438efd8e3a59c02cfacdb442fbe3689d43e586be4d0b320f",
            "directory_permission": "0777",
            "file_permission": "0777",
            "filename": "/home/rkyasan44/tf/local/key.txt",
            "id": "aa86e0a9be3a32ad3bc94211076998e95e028a13",
            "sensitive_content": null,
            "source": null
          },
          "sensitive_attributes": [
            [
              {
                "type": "get_attr",
                "value": "content"
              }
            ],
            [
              {
                "type": "get_attr",
                "value": "sensitive_content"
              }
            ]
          ],
          "dependencies": [
            "tls_private_key.pvtkey"
          ]
        }
      ]
    },
    {
      "mode": "managed",
      "type": "local_file",
      "name": "pet123",
      "provider": "provider[\"registry.terraform.io/hashicorp/local\"]",
      "instances": [
        {
          "index_key": 0,
          "schema_version": 0,
          "attributes": {
            "content": "meta args dynamic content",
            "content_base64": null,
            "content_base64sha256": "i/HBI1D1wx/aCa1veWONdGf38CoRfebd3rL0e/m9c5w=",
            "content_base64sha512": "WS2GtwaIUW4AxHWOKjIu8Vzuqj5Ran1cA8+/e9us2OY+9ui/+Wh7c4AiArLz5coUIW3ZeLjdyVlu4GY1NVtFOA==",
            "content_md5": "4e16b0eea7954485b58fac50bf7dd012",
            "content_sha1": "e5a920510cd7bda1845f0a75ed44910b3bfa0d23",
            "content_sha256": "8bf1c12350f5c31fda09ad6f79638d7467f7f02a117de6dddeb2f47bf9bd739c",
            "content_sha512": "592d86b70688516e00c4758e2a322ef15ceeaa3e516a7d5c03cfbf7bdbacd8e63ef6e8bff9687b73802202b2f3e5ca14216dd978b8ddc9596ee06635355b4538",
            "directory_permission": "0777",
            "file_permission": "0777",
            "filename": "./1.txt",
            "id": "e5a920510cd7bda1845f0a75ed44910b3bfa0d23",
            "sensitive_content": null,
            "source": null
          },
          "sensitive_attributes": [
            [
              {
                "type": "get_attr",
                "value": "sensitive_content"
              }
            ]
          ]
        },
        {
          "index_key": 1,
          "schema_version": 0,
          "attributes": {
            "content": "meta args dynamic content",
            "content_base64": null,
            "content_base64sha256": "i/HBI1D1wx/aCa1veWONdGf38CoRfebd3rL0e/m9c5w=",
            "content_base64sha512": "WS2GtwaIUW4AxHWOKjIu8Vzuqj5Ran1cA8+/e9us2OY+9ui/+Wh7c4AiArLz5coUIW3ZeLjdyVlu4GY1NVtFOA==",
            "content_md5": "4e16b0eea7954485b58fac50bf7dd012",
            "content_sha1": "e5a920510cd7bda1845f0a75ed44910b3bfa0d23",
            "content_sha256": "8bf1c12350f5c31fda09ad6f79638d7467f7f02a117de6dddeb2f47bf9bd739c",
            "content_sha512": "592d86b70688516e00c4758e2a322ef15ceeaa3e516a7d5c03cfbf7bdbacd8e63ef6e8bff9687b73802202b2f3e5ca14216dd978b8ddc9596ee06635355b4538",
            "directory_permission": "0777",
            "file_permission": "0777",
            "filename": "./2.txt",
            "id": "e5a920510cd7bda1845f0a75ed44910b3bfa0d23",
            "sensitive_content": null,
            "source": null
          },
          "sensitive_attributes": [
            [
              {
                "type": "get_attr",
                "value": "sensitive_content"
              }
            ]
          ]
        },
        {
          "index_key": 2,
          "schema_version": 0,
          "attributes": {
            "content": "meta args dynamic content",
            "content_base64": null,
            "content_base64sha256": "i/HBI1D1wx/aCa1veWONdGf38CoRfebd3rL0e/m9c5w=",
            "content_base64sha512": "WS2GtwaIUW4AxHWOKjIu8Vzuqj5Ran1cA8+/e9us2OY+9ui/+Wh7c4AiArLz5coUIW3ZeLjdyVlu4GY1NVtFOA==",
            "content_md5": "4e16b0eea7954485b58fac50bf7dd012",
            "content_sha1": "e5a920510cd7bda1845f0a75ed44910b3bfa0d23",
            "content_sha256": "8bf1c12350f5c31fda09ad6f79638d7467f7f02a117de6dddeb2f47bf9bd739c",
            "content_sha512": "592d86b70688516e00c4758e2a322ef15ceeaa3e516a7d5c03cfbf7bdbacd8e63ef6e8bff9687b73802202b2f3e5ca14216dd978b8ddc9596ee06635355b4538",
            "directory_permission": "0777",
            "file_permission": "0777",
            "filename": "./3.txt",
            "id": "e5a920510cd7bda1845f0a75ed44910b3bfa0d23",
            "sensitive_content": null,
            "source": null
          },
          "sensitive_attributes": [
            [
              {
                "type": "get_attr",
                "value": "sensitive_content"
              }
            ]
          ]
        },
        {
          "index_key": 3,
          "schema_version": 0,
          "attributes": {
            "content": "meta args dynamic content",
            "content_base64": null,
            "content_base64sha256": "i/HBI1D1wx/aCa1veWONdGf38CoRfebd3rL0e/m9c5w=",
            "content_base64sha512": "WS2GtwaIUW4AxHWOKjIu8Vzuqj5Ran1cA8+/e9us2OY+9ui/+Wh7c4AiArLz5coUIW3ZeLjdyVlu4GY1NVtFOA==",
            "content_md5": "4e16b0eea7954485b58fac50bf7dd012",
            "content_sha1": "e5a920510cd7bda1845f0a75ed44910b3bfa0d23",
            "content_sha256": "8bf1c12350f5c31fda09ad6f79638d7467f7f02a117de6dddeb2f47bf9bd739c",
            "content_sha512": "592d86b70688516e00c4758e2a322ef15ceeaa3e516a7d5c03cfbf7bdbacd8e63ef6e8bff9687b73802202b2f3e5ca14216dd978b8ddc9596ee06635355b4538",
            "directory_permission": "0777",
            "file_permission": "0777",
            "filename": "./4.txt",
            "id": "e5a920510cd7bda1845f0a75ed44910b3bfa0d23",
            "sensitive_content": null,
            "source": null
          },
          "sensitive_attributes": [
            [
              {
                "type": "get_attr",
                "value": "sensitive_content"
              }
            ]
          ]
        },
        {
          "index_key": 4,
          "schema_version": 0,
          "attributes": {
            "content": "meta args dynamic content",
            "content_base64": null,
            "content_base64sha256": "i/HBI1D1wx/aCa1veWONdGf38CoRfebd3rL0e/m9c5w=",
            "content_base64sha512": "WS2GtwaIUW4AxHWOKjIu8Vzuqj5Ran1cA8+/e9us2OY+9ui/+Wh7c4AiArLz5coUIW3ZeLjdyVlu4GY1NVtFOA==",
            "content_md5": "4e16b0eea7954485b58fac50bf7dd012",
            "content_sha1": "e5a920510cd7bda1845f0a75ed44910b3bfa0d23",
            "content_sha256": "8bf1c12350f5c31fda09ad6f79638d7467f7f02a117de6dddeb2f47bf9bd739c",
            "content_sha512": "592d86b70688516e00c4758e2a322ef15ceeaa3e516a7d5c03cfbf7bdbacd8e63ef6e8bff9687b73802202b2f3e5ca14216dd978b8ddc9596ee06635355b4538",
            "directory_permission": "0777",
            "file_permission": "0777",
            "filename": "./5.txt",
            "id": "e5a920510cd7bda1845f0a75ed44910b3bfa0d23",
            "sensitive_content": null,
            "source": null
          },
          "sensitive_attributes": [
            [
              {
                "type": "get_attr",
                "value": "sensitive_content"
              }
            ]
          ]
        }
      ]
    },
    {
      "mode": "managed",
      "type": "tls_private_key",
      "name": "pvtkey",
      "provider": "provider[\"registry.terraform.io/hashicorp/tls\"]",
      "instances": [
        {
          "schema_version": 1,
          "attributes": {
            "algorithm": "RSA",
            "ecdsa_curve": "P224",
            "id": "28d6eb0d52fc30350b5dde586b253aa2830b5136",
            "private_key_openssh": "-----BEGIN OPENSSH PRIVATE KEY-----\nb3BlbnNzaC1rZXktdjEAAAAABG5vbmUAAAAEbm9uZQAAAAAAAAABAAACFwAAAAdz\nc2gtcnNhAAAAAwEAAQAAAgEA6Uuc+4tZ/2EX5RQPe1D59r4zZ2JcYQpwjZM1HDlw\njk9KapMCzOKRyrIzRHW0morQYqwflaCcKn7DRKhsrkKBlScj0fB6ycsLWztJnyst\nZvQOl4ORqkPU1dKdtc0ksAZ2q/9rZaZx1DmGm3ZTrwAB+GB5W+EKDwfKBsT8Ar1y\ng+Bt/3P1g8DEQnVrSpvB0Ta9QphxzCDksp0Mec8W9RCopvgocOSznXbacUoK1Raf\nz7qMcl/4EKBWzY1fvxe2rucF5k0/tamQnegPNbtF+OBh3mFhxuP7epkLy742Sus4\nrsKW42dnh8l+Hk9gz3ynWjafDPe2tzwYgR0o7Ai2qv/NA/SHNgBZSrjtZt6+puzw\nQ/HvMPGizAI4SHSbHgFX4WhxFvAdDyE/15pEflQm6QfJhtKHi4jrJA6jknNMrkHP\n8p9Xnyg8a0qRGutuTDO5lnwFNFAhWzNX61Gvml2JNKUWqfXAU0W701PQZc6NsSpC\nk7n2QOgsA+lSTrO/6ZQtkvF5orJcpTLjfeTY7NTbb7xypBvkggEk5e7MJn8MXeBy\nJkgP1bb04/M147NFE3UBRol2vrfPox+2aOOKt/lwolIKMAPVKHUa9gddT/liX1wv\nuGOlUulfPPR+v6y0bzDeR2bIy2qilJIu5Excxp/TSATQ3mVc1GnGLnikCzoi1HlH\nkD8AAAc42HB1RthwdUYAAAAHc3NoLXJzYQAAAgEA6Uuc+4tZ/2EX5RQPe1D59r4z\nZ2JcYQpwjZM1HDlwjk9KapMCzOKRyrIzRHW0morQYqwflaCcKn7DRKhsrkKBlScj\n0fB6ycsLWztJnystZvQOl4ORqkPU1dKdtc0ksAZ2q/9rZaZx1DmGm3ZTrwAB+GB5\nW+EKDwfKBsT8Ar1yg+Bt/3P1g8DEQnVrSpvB0Ta9QphxzCDksp0Mec8W9RCopvgo\ncOSznXbacUoK1Rafz7qMcl/4EKBWzY1fvxe2rucF5k0/tamQnegPNbtF+OBh3mFh\nxuP7epkLy742Sus4rsKW42dnh8l+Hk9gz3ynWjafDPe2tzwYgR0o7Ai2qv/NA/SH\nNgBZSrjtZt6+puzwQ/HvMPGizAI4SHSbHgFX4WhxFvAdDyE/15pEflQm6QfJhtKH\ni4jrJA6jknNMrkHP8p9Xnyg8a0qRGutuTDO5lnwFNFAhWzNX61Gvml2JNKUWqfXA\nU0W701PQZc6NsSpCk7n2QOgsA+lSTrO/6ZQtkvF5orJcpTLjfeTY7NTbb7xypBvk\nggEk5e7MJn8MXeByJkgP1bb04/M147NFE3UBRol2vrfPox+2aOOKt/lwolIKMAPV\nKHUa9gddT/liX1wvuGOlUulfPPR+v6y0bzDeR2bIy2qilJIu5Excxp/TSATQ3mVc\n1GnGLnikCzoi1HlHkD8AAAADAQABAAACAA1wJI+8vCdgsV6ppCanSG61EALxgH66\nejc9dn60tE4ONSwkYbHpjxpM33UfDpMkUdKNNZiJ0tUDzj2jMfdrr0knIwIRxxDe\nmD3eEWSQuSHIBxslIfvbwmO6qQjy0x0skiNgKBCH4OCnm6BS1YksB/EFpZfsQ4cQ\nHMv9BsMlpHYCNHPVexvmu6dUWiTHCggCDi7K1ys57dJ4B2Lw0dK17fEINFQkaFA2\nq2iBKlSR5Ay0IyjnbEOQ6M8YSJ6aQBSdDBLy+it9o+3kkxO2QNaQHjMQCvDI6xBp\nxmsq/recCvzOCqD4sNb6fUBDtEDfXkhtAwZdMnIljQfK5TOLYPJCn81xXcyOxEMM\ntzTc1t14iR5XkAk8QUk1kA2NBgZ0KNtE3hrk7vA9ncb8abogZ821be47l0+j7/oy\nI+tPKGNsttlRM9oihVAeiuuF369SnzUZTBrQtF05PVX089BKQW/0VCCCO+eORAoO\ngDrlLUJ1BCc9FF2ZnxUTzTYpq/hSaLvO36JghPObwHG6pvxUrjSKG6QmNZRzGE0E\neA0Ywgeg6ckzM1e6ggo63N1632srBFORIxE2E/htSsovEeEIfY0Jah5tb0BIkNQ6\nVDKnQXfGiW3NIK1w+DEgpdChamGvgi1RHlttcwb4PTLT8/tZFfOn8BIruScGXlpk\nFaPNFEkonjLhAAABAEB7N/fsEQRPEarTs7pR7LXQvMsoJLfm/HgJtLLWSUOPptx1\ntGkiGdWW0hwdEkDa2AeUeIAUoNvB8PgYlgBcrfSJzq62iCi4V3DK3ogMpARCHOrU\nZ1I3rJ0Q2UXaLsPcdobewqsOA+FOSetCK2YcJBp/2YTtdgj4zGOTsZhyAQ3TOT3V\nyObCOKI9JCIDnNiEN0JTiOqgl4ZCDVLXLDfz7jqSFM/RjOuWy0ns4BOyVpXTiOCH\nqpVUUXDRMv6mYJ+TxTFtcHGut4dx/U0+uABFtdwu/b6/Stmt3xlJZgBU11QRU0Dk\nVh8IH4ARLgcMQhld85zVJTzUA/wQ2+KsPzq6XGwAAAEBAPK139guz5vl7UF2KZQu\nsCXORc8TUod3eKaJbkPLTK/Zj3b33pktvFCOo4RFDNwz/D5RVTogBacTRGhR++k+\n4hlj8SWszmvxIEt2hmlxkn+6f+LAO1rRzLyHzxPblZHHIcsx0iVj/zDXXrUsVYDW\nWcCdvK0tgDhZXv92vXX7+Rd6fNPoUFVHO3jnX//NqXCmyVyq/m6tdWI50eUGBYqS\nvvMTZ3GnAlkLs1oYVZPY9OzDt2dnyx1T7JYt2dVyexfNu4DAk3F4vUoXIijBjK+J\n+7kbOyfubxiWn8jK7SW0rOLyoRycgbGxLEfW4Kgjc9RuzSQfmY6S8C7JXPLcY4/i\nNy8AAAEBAPYRw/pnQVY/UKa6VEqtt0k4iBsiID7sRe7I0j7ZuZAmKM0tykwfFg2l\naDJJM6KfiHD6p76lROpNaMGxNsfmTinHx+PPhLzIZFydKLX4A2ilTCQx/4ZuKufE\n520YjPwc0VBNJTneazDa9YHwm3TklH2ca661F3eU6YqAx9y/ucBD07wvjxIYZTQ4\nJXAKo+SR/b/adggBkf9PJ9tjsxNAKtegwBCyIQPy9u1bQn7K92MmSitd1z7cUOkP\njVkwB2y/WRPRiFhk7mdkW48ccmCdCKYH/GHqL4XanFB7gYIvt/6JBebHc9VtCCoJ\nkuPdWZZ2Z4dnxEfy+K5ac4CSlKgQ8/EAAAAAAQID\n-----END OPENSSH PRIVATE KEY-----\n",
            "private_key_pem": "-----BEGIN RSA PRIVATE KEY-----\nMIIJKQIBAAKCAgEA6Uuc+4tZ/2EX5RQPe1D59r4zZ2JcYQpwjZM1HDlwjk9KapMC\nzOKRyrIzRHW0morQYqwflaCcKn7DRKhsrkKBlScj0fB6ycsLWztJnystZvQOl4OR\nqkPU1dKdtc0ksAZ2q/9rZaZx1DmGm3ZTrwAB+GB5W+EKDwfKBsT8Ar1yg+Bt/3P1\ng8DEQnVrSpvB0Ta9QphxzCDksp0Mec8W9RCopvgocOSznXbacUoK1Rafz7qMcl/4\nEKBWzY1fvxe2rucF5k0/tamQnegPNbtF+OBh3mFhxuP7epkLy742Sus4rsKW42dn\nh8l+Hk9gz3ynWjafDPe2tzwYgR0o7Ai2qv/NA/SHNgBZSrjtZt6+puzwQ/HvMPGi\nzAI4SHSbHgFX4WhxFvAdDyE/15pEflQm6QfJhtKHi4jrJA6jknNMrkHP8p9Xnyg8\na0qRGutuTDO5lnwFNFAhWzNX61Gvml2JNKUWqfXAU0W701PQZc6NsSpCk7n2QOgs\nA+lSTrO/6ZQtkvF5orJcpTLjfeTY7NTbb7xypBvkggEk5e7MJn8MXeByJkgP1bb0\n4/M147NFE3UBRol2vrfPox+2aOOKt/lwolIKMAPVKHUa9gddT/liX1wvuGOlUulf\nPPR+v6y0bzDeR2bIy2qilJIu5Excxp/TSATQ3mVc1GnGLnikCzoi1HlHkD8CAwEA\nAQKCAgANcCSPvLwnYLFeqaQmp0hutRAC8YB+uno3PXZ+tLRODjUsJGGx6Y8aTN91\nHw6TJFHSjTWYidLVA849ozH3a69JJyMCEccQ3pg93hFkkLkhyAcbJSH728JjuqkI\n8tMdLJIjYCgQh+Dgp5ugUtWJLAfxBaWX7EOHEBzL/QbDJaR2AjRz1Xsb5runVFok\nxwoIAg4uytcrOe3SeAdi8NHSte3xCDRUJGhQNqtogSpUkeQMtCMo52xDkOjPGEie\nmkAUnQwS8vorfaPt5JMTtkDWkB4zEArwyOsQacZrKv63nAr8zgqg+LDW+n1AQ7RA\n315IbQMGXTJyJY0HyuUzi2DyQp/NcV3MjsRDDLc03NbdeIkeV5AJPEFJNZANjQYG\ndCjbRN4a5O7wPZ3G/Gm6IGfNtW3uO5dPo+/6MiPrTyhjbLbZUTPaIoVQHorrhd+v\nUp81GUwa0LRdOT1V9PPQSkFv9FQggjvnjkQKDoA65S1CdQQnPRRdmZ8VE802Kav4\nUmi7zt+iYITzm8Bxuqb8VK40ihukJjWUcxhNBHgNGMIHoOnJMzNXuoIKOtzdet9r\nKwRTkSMRNhP4bUrKLxHhCH2NCWoebW9ASJDUOlQyp0F3xoltzSCtcPgxIKXQoWph\nr4ItUR5bbXMG+D0y0/P7WRXzp/ASK7knBl5aZBWjzRRJKJ4y4QKCAQEA8rXf2C7P\nm+XtQXYplC6wJc5FzxNSh3d4poluQ8tMr9mPdvfemS28UI6jhEUM3DP8PlFVOiAF\npxNEaFH76T7iGWPxJazOa/EgS3aGaXGSf7p/4sA7WtHMvIfPE9uVkcchyzHSJWP/\nMNdetSxVgNZZwJ28rS2AOFle/3a9dfv5F3p80+hQVUc7eOdf/82pcKbJXKr+bq11\nYjnR5QYFipK+8xNncacCWQuzWhhVk9j07MO3Z2fLHVPsli3Z1XJ7F827gMCTcXi9\nShciKMGMr4n7uRs7J+5vGJafyMrtJbSs4vKhHJyBsbEsR9bgqCNz1G7NJB+ZjpLw\nLslc8txjj+I3LwKCAQEA9hHD+mdBVj9QprpUSq23STiIGyIgPuxF7sjSPtm5kCYo\nzS3KTB8WDaVoMkkzop+IcPqnvqVE6k1owbE2x+ZOKcfH48+EvMhkXJ0otfgDaKVM\nJDH/hm4q58TnbRiM/BzRUE0lOd5rMNr1gfCbdOSUfZxrrrUXd5TpioDH3L+5wEPT\nvC+PEhhlNDglcAqj5JH9v9p2CAGR/08n22OzE0Aq16DAELIhA/L27VtCfsr3YyZK\nK13XPtxQ6Q+NWTAHbL9ZE9GIWGTuZ2RbjxxyYJ0Ipgf8YeovhdqcUHuBgi+3/okF\n5sdz1W0IKgmS491ZlnZnh2fER/L4rlpzgJKUqBDz8QKCAQEAgTCWCbhBAbaNZz7C\nOwHu+PCm7+ZVE45gRiT48FUSaLfhSW3+qoJRrn9+QjWO9tck+PbJ6rqIx7nVu8GH\n2UuDhghQn8Evzvz2N7TLLu0pEZvv3n58GYd69w9DBkrnfkUEk+fc99IWT6UT4FPM\n31s5QvGzMGr7yQKpMkm950NL/1dPgmwx9nKIEX729m4+NpxQqmbKL5dc1//23XUr\nFeuugCxf73r6IPO9b8NsKdpd5Hj48q2oy9+UGwwk2xyosK7tk0buNIQUHY/aut7r\nR7SmrIz2G/cqY2gpfPOm718Qd2y2nUghMLgh3cteoaDdUsH3p7a6Qc2s0vqT4yG0\nTS4YOQKCAQEAom41vMx+H62p0nU7ARTM4WOUzLxpJsAWpbogtuZIDLRzyIUKfdcj\nWpyuPEt/70B584IySrGT3Up99SXC8I/BVukOtP2eNHPfdBc18XCm52P98AKlFxsP\n7XBYB/bl0eI/9U8HXLzKazSOTVkDdVUSBBzGJExcEk7VHt1FkR1qQ1VCpn2KZrp9\ny8uoQt5zM4V/SC6wLTbEJhEdUT/tzK5V2YK+Zgb/rjiq8SGFsmbOiL+UxC2s0Uzj\niAUBHDeNHybsaR2ucBMoIE3p9n0jr0zZkafB3OyWtDgLaUEtyz8uqLHQmHdeqirP\n8dfiA9JwudatHn/L3Gax632/ssaPpKWUMQKCAQBAezf37BEETxGq07O6Uey10LzL\nKCS35vx4CbSy1klDj6bcdbRpIhnVltIcHRJA2tgHlHiAFKDbwfD4GJYAXK30ic6u\ntogouFdwyt6IDKQEQhzq1GdSN6ydENlF2i7D3HaG3sKrDgPhTknrQitmHCQaf9mE\n7XYI+Mxjk7GYcgEN0zk91cjmwjiiPSQiA5zYhDdCU4jqoJeGQg1S1yw38+46khTP\n0YzrlstJ7OATslaV04jgh6qVVFFw0TL+pmCfk8UxbXBxrreHcf1NPrgARbXcLv2+\nv0rZrd8ZSWYAVNdUEVNA5FYfCB+AES4HDEIZXfOc1SU81AP8ENvirD86ulxs\n-----END RSA PRIVATE KEY-----\n",
            "private_key_pem_pkcs8": "-----BEGIN PRIVATE KEY-----\nMIIJQwIBADANBgkqhkiG9w0BAQEFAASCCS0wggkpAgEAAoICAQDpS5z7i1n/YRfl\nFA97UPn2vjNnYlxhCnCNkzUcOXCOT0pqkwLM4pHKsjNEdbSaitBirB+VoJwqfsNE\nqGyuQoGVJyPR8HrJywtbO0mfKy1m9A6Xg5GqQ9TV0p21zSSwBnar/2tlpnHUOYab\ndlOvAAH4YHlb4QoPB8oGxPwCvXKD4G3/c/WDwMRCdWtKm8HRNr1CmHHMIOSynQx5\nzxb1EKim+Chw5LOddtpxSgrVFp/PuoxyX/gQoFbNjV+/F7au5wXmTT+1qZCd6A81\nu0X44GHeYWHG4/t6mQvLvjZK6ziuwpbjZ2eHyX4eT2DPfKdaNp8M97a3PBiBHSjs\nCLaq/80D9Ic2AFlKuO1m3r6m7PBD8e8w8aLMAjhIdJseAVfhaHEW8B0PIT/XmkR+\nVCbpB8mG0oeLiOskDqOSc0yuQc/yn1efKDxrSpEa625MM7mWfAU0UCFbM1frUa+a\nXYk0pRap9cBTRbvTU9Blzo2xKkKTufZA6CwD6VJOs7/plC2S8XmislylMuN95Njs\n1NtvvHKkG+SCASTl7swmfwxd4HImSA/VtvTj8zXjs0UTdQFGiXa+t8+jH7Zo44q3\n+XCiUgowA9UodRr2B11P+WJfXC+4Y6VS6V889H6/rLRvMN5HZsjLaqKUki7kTFzG\nn9NIBNDeZVzUacYueKQLOiLUeUeQPwIDAQABAoICAA1wJI+8vCdgsV6ppCanSG61\nEALxgH66ejc9dn60tE4ONSwkYbHpjxpM33UfDpMkUdKNNZiJ0tUDzj2jMfdrr0kn\nIwIRxxDemD3eEWSQuSHIBxslIfvbwmO6qQjy0x0skiNgKBCH4OCnm6BS1YksB/EF\npZfsQ4cQHMv9BsMlpHYCNHPVexvmu6dUWiTHCggCDi7K1ys57dJ4B2Lw0dK17fEI\nNFQkaFA2q2iBKlSR5Ay0IyjnbEOQ6M8YSJ6aQBSdDBLy+it9o+3kkxO2QNaQHjMQ\nCvDI6xBpxmsq/recCvzOCqD4sNb6fUBDtEDfXkhtAwZdMnIljQfK5TOLYPJCn81x\nXcyOxEMMtzTc1t14iR5XkAk8QUk1kA2NBgZ0KNtE3hrk7vA9ncb8abogZ821be47\nl0+j7/oyI+tPKGNsttlRM9oihVAeiuuF369SnzUZTBrQtF05PVX089BKQW/0VCCC\nO+eORAoOgDrlLUJ1BCc9FF2ZnxUTzTYpq/hSaLvO36JghPObwHG6pvxUrjSKG6Qm\nNZRzGE0EeA0Ywgeg6ckzM1e6ggo63N1632srBFORIxE2E/htSsovEeEIfY0Jah5t\nb0BIkNQ6VDKnQXfGiW3NIK1w+DEgpdChamGvgi1RHlttcwb4PTLT8/tZFfOn8BIr\nuScGXlpkFaPNFEkonjLhAoIBAQDytd/YLs+b5e1BdimULrAlzkXPE1KHd3imiW5D\ny0yv2Y92996ZLbxQjqOERQzcM/w+UVU6IAWnE0RoUfvpPuIZY/ElrM5r8SBLdoZp\ncZJ/un/iwDta0cy8h88T25WRxyHLMdIlY/8w1161LFWA1lnAnbytLYA4WV7/dr11\n+/kXenzT6FBVRzt451//zalwpslcqv5urXViOdHlBgWKkr7zE2dxpwJZC7NaGFWT\n2PTsw7dnZ8sdU+yWLdnVcnsXzbuAwJNxeL1KFyIowYyvifu5Gzsn7m8Ylp/Iyu0l\ntKzi8qEcnIGxsSxH1uCoI3PUbs0kH5mOkvAuyVzy3GOP4jcvAoIBAQD2EcP6Z0FW\nP1CmulRKrbdJOIgbIiA+7EXuyNI+2bmQJijNLcpMHxYNpWgySTOin4hw+qe+pUTq\nTWjBsTbH5k4px8fjz4S8yGRcnSi1+ANopUwkMf+GbirnxOdtGIz8HNFQTSU53msw\n2vWB8Jt05JR9nGuutRd3lOmKgMfcv7nAQ9O8L48SGGU0OCVwCqPkkf2/2nYIAZH/\nTyfbY7MTQCrXoMAQsiED8vbtW0J+yvdjJkorXdc+3FDpD41ZMAdsv1kT0YhYZO5n\nZFuPHHJgnQimB/xh6i+F2pxQe4GCL7f+iQXmx3PVbQgqCZLj3VmWdmeHZ8RH8viu\nWnOAkpSoEPPxAoIBAQCBMJYJuEEBto1nPsI7Ae748Kbv5lUTjmBGJPjwVRJot+FJ\nbf6qglGuf35CNY721yT49snquojHudW7wYfZS4OGCFCfwS/O/PY3tMsu7SkRm+/e\nfnwZh3r3D0MGSud+RQST59z30hZPpRPgU8zfWzlC8bMwavvJAqkySb3nQ0v/V0+C\nbDH2cogRfvb2bj42nFCqZsovl1zX//bddSsV666ALF/vevog871vw2wp2l3kePjy\nrajL35QbDCTbHKiwru2TRu40hBQdj9q63utHtKasjPYb9ypjaCl886bvXxB3bLad\nSCEwuCHdy16hoN1SwfentrpBzazS+pPjIbRNLhg5AoIBAQCibjW8zH4franSdTsB\nFMzhY5TMvGkmwBaluiC25kgMtHPIhQp91yNanK48S3/vQHnzgjJKsZPdSn31JcLw\nj8FW6Q60/Z40c990FzXxcKbnY/3wAqUXGw/tcFgH9uXR4j/1TwdcvMprNI5NWQN1\nVRIEHMYkTFwSTtUe3UWRHWpDVUKmfYpmun3Ly6hC3nMzhX9ILrAtNsQmER1RP+3M\nrlXZgr5mBv+uOKrxIYWyZs6Iv5TELazRTOOIBQEcN40fJuxpHa5wEyggTen2fSOv\nTNmRp8Hc7Ja0OAtpQS3LPy6osdCYd16qKs/x1+ID0nC51q0ef8vcZrHrfb+yxo+k\npZQxAoIBAEB7N/fsEQRPEarTs7pR7LXQvMsoJLfm/HgJtLLWSUOPptx1tGkiGdWW\n0hwdEkDa2AeUeIAUoNvB8PgYlgBcrfSJzq62iCi4V3DK3ogMpARCHOrUZ1I3rJ0Q\n2UXaLsPcdobewqsOA+FOSetCK2YcJBp/2YTtdgj4zGOTsZhyAQ3TOT3VyObCOKI9\nJCIDnNiEN0JTiOqgl4ZCDVLXLDfz7jqSFM/RjOuWy0ns4BOyVpXTiOCHqpVUUXDR\nMv6mYJ+TxTFtcHGut4dx/U0+uABFtdwu/b6/Stmt3xlJZgBU11QRU0DkVh8IH4AR\nLgcMQhld85zVJTzUA/wQ2+KsPzq6XGw=\n-----END PRIVATE KEY-----\n",
            "public_key_fingerprint_md5": "d6:a7:80:89:d9:a4:4b:c7:c9:2b:02:8e:30:f7:ec:f0",
            "public_key_fingerprint_sha256": "SHA256:CvTtappSFJK9RhBsx+LN3SCHz3mDJDoCYTzmmpjMKYc",
            "public_key_openssh": "ssh-rsa AAAAB3NzaC1yc2EAAAADAQABAAACAQDpS5z7i1n/YRflFA97UPn2vjNnYlxhCnCNkzUcOXCOT0pqkwLM4pHKsjNEdbSaitBirB+VoJwqfsNEqGyuQoGVJyPR8HrJywtbO0mfKy1m9A6Xg5GqQ9TV0p21zSSwBnar/2tlpnHUOYabdlOvAAH4YHlb4QoPB8oGxPwCvXKD4G3/c/WDwMRCdWtKm8HRNr1CmHHMIOSynQx5zxb1EKim+Chw5LOddtpxSgrVFp/PuoxyX/gQoFbNjV+/F7au5wXmTT+1qZCd6A81u0X44GHeYWHG4/t6mQvLvjZK6ziuwpbjZ2eHyX4eT2DPfKdaNp8M97a3PBiBHSjsCLaq/80D9Ic2AFlKuO1m3r6m7PBD8e8w8aLMAjhIdJseAVfhaHEW8B0PIT/XmkR+VCbpB8mG0oeLiOskDqOSc0yuQc/yn1efKDxrSpEa625MM7mWfAU0UCFbM1frUa+aXYk0pRap9cBTRbvTU9Blzo2xKkKTufZA6CwD6VJOs7/plC2S8XmislylMuN95Njs1NtvvHKkG+SCASTl7swmfwxd4HImSA/VtvTj8zXjs0UTdQFGiXa+t8+jH7Zo44q3+XCiUgowA9UodRr2B11P+WJfXC+4Y6VS6V889H6/rLRvMN5HZsjLaqKUki7kTFzGn9NIBNDeZVzUacYueKQLOiLUeUeQPw==\n",
            "public_key_pem": "-----BEGIN PUBLIC KEY-----\nMIICIjANBgkqhkiG9w0BAQEFAAOCAg8AMIICCgKCAgEA6Uuc+4tZ/2EX5RQPe1D5\n9r4zZ2JcYQpwjZM1HDlwjk9KapMCzOKRyrIzRHW0morQYqwflaCcKn7DRKhsrkKB\nlScj0fB6ycsLWztJnystZvQOl4ORqkPU1dKdtc0ksAZ2q/9rZaZx1DmGm3ZTrwAB\n+GB5W+EKDwfKBsT8Ar1yg+Bt/3P1g8DEQnVrSpvB0Ta9QphxzCDksp0Mec8W9RCo\npvgocOSznXbacUoK1Rafz7qMcl/4EKBWzY1fvxe2rucF5k0/tamQnegPNbtF+OBh\n3mFhxuP7epkLy742Sus4rsKW42dnh8l+Hk9gz3ynWjafDPe2tzwYgR0o7Ai2qv/N\nA/SHNgBZSrjtZt6+puzwQ/HvMPGizAI4SHSbHgFX4WhxFvAdDyE/15pEflQm6QfJ\nhtKHi4jrJA6jknNMrkHP8p9Xnyg8a0qRGutuTDO5lnwFNFAhWzNX61Gvml2JNKUW\nqfXAU0W701PQZc6NsSpCk7n2QOgsA+lSTrO/6ZQtkvF5orJcpTLjfeTY7NTbb7xy\npBvkggEk5e7MJn8MXeByJkgP1bb04/M147NFE3UBRol2vrfPox+2aOOKt/lwolIK\nMAPVKHUa9gddT/liX1wvuGOlUulfPPR+v6y0bzDeR2bIy2qilJIu5Excxp/TSATQ\n3mVc1GnGLnikCzoi1HlHkD8CAwEAAQ==\n-----END PUBLIC KEY-----\n",
            "rsa_bits": 4096
          },
          "sensitive_attributes": [
            [
              {
                "type": "get_attr",
                "value": "private_key_openssh"
              }
            ],
            [
              {
                "type": "get_attr",
                "value": "private_key_pem"
              }
            ],
            [
              {
                "type": "get_attr",
                "value": "private_key_pem_pkcs8"
              }
            ]
          ]
        }
      ]
    }
  ],
  "check_results": null
}
