{
  "version": 4,
  "terraform_version": "1.9.1",
  "serial": 48,
  "lineage": "971c0c32-0134-5450-3f49-050c0d76c522",
  "outputs": {},
  "resources": [
    {
      "mode": "data",
      "type": "aws_iam_group",
      "name": "finanance-data",
      "provider": "provider[\"registry.terraform.io/hashicorp/aws\"]",
      "instances": [
        {
          "schema_version": 0,
          "attributes": {
            "arn": "arn:aws:iam::192552324558:group/finanance-analysts",
            "group_id": "AGPASZVIDJXHEDC3QQYLV",
            "group_name": "finanance-analysts",
            "id": "AGPASZVIDJXHEDC3QQYLV",
            "path": "/",
            "users": []
          },
          "sensitive_attributes": []
        }
      ]
    },
    {
      "mode": "managed",
      "type": "aws_dynamodb_table",
      "name": "example",
      "provider": "provider[\"registry.terraform.io/hashicorp/aws\"]",
      "instances": [
        {
          "schema_version": 1,
          "attributes": {
            "arn": "arn:aws:dynamodb:us-east-1:192552324558:table/example-name",
            "attribute": [
              {
                "name": "exampleHashKey",
                "type": "S"
              }
            ],
            "billing_mode": "PROVISIONED",
            "deletion_protection_enabled": false,
            "global_secondary_index": [],
            "hash_key": "exampleHashKey",
            "id": "example-name",
            "import_table": [],
            "local_secondary_index": [],
            "name": "example-name",
            "point_in_time_recovery": [
              {
                "enabled": false
              }
            ],
            "range_key": null,
            "read_capacity": 10,
            "replica": [],
            "restore_date_time": null,
            "restore_source_name": null,
            "restore_to_latest_time": null,
            "server_side_encryption": [],
            "stream_arn": "",
            "stream_enabled": false,
            "stream_label": "",
            "stream_view_type": "",
            "table_class": "STANDARD",
            "tags": null,
            "tags_all": {},
            "timeouts": null,
            "ttl": [
              {
                "attribute_name": "",
                "enabled": false
              }
            ],
            "write_capacity": 10
          },
          "sensitive_attributes": [],
          "private": "eyJlMmJmYjczMC1lY2FhLTExZTYtOGY4OC0zNDM2M2JjN2M0YzAiOnsiY3JlYXRlIjoxODAwMDAwMDAwMDAwLCJkZWxldGUiOjYwMDAwMDAwMDAwMCwidXBkYXRlIjozNjAwMDAwMDAwMDAwfSwic2NoZW1hX3ZlcnNpb24iOiIxIn0="
        }
      ]
    },
    {
      "mode": "managed",
      "type": "aws_dynamodb_table_item",
      "name": "example",
      "provider": "provider[\"registry.terraform.io/hashicorp/aws\"]",
      "instances": [
        {
          "schema_version": 0,
          "attributes": {
            "hash_key": "exampleHashKey",
            "id": "example-name|exampleHashKey|something",
            "item": "{\n  \"exampleHashKey\": {\"S\": \"something\"},\n  \"one\": {\"N\": \"11111\"},\n  \"two\": {\"N\": \"22222\"},\n  \"three\": {\"N\": \"33333\"},\n  \"four\": {\"N\": \"44444\"}\n}\n",
            "range_key": null,
            "table_name": "example-name"
          },
          "sensitive_attributes": [],
          "private": "bnVsbA==",
          "dependencies": [
            "aws_dynamodb_table.example"
          ]
        }
      ]
    },
    {
      "mode": "managed",
      "type": "aws_iam_policy",
      "name": "adminUser",
      "provider": "provider[\"registry.terraform.io/hashicorp/aws\"]",
      "instances": [
        {
          "schema_version": 0,
          "attributes": {
            "arn": "arn:aws:iam::192552324558:policy/AdminUserPolicy",
            "attachment_count": 1,
            "description": "",
            "id": "arn:aws:iam::192552324558:policy/AdminUserPolicy",
            "name": "AdminUserPolicy",
            "name_prefix": "",
            "path": "/",
            "policy": "{\"Statement\":[{\"Action\":\"*\",\"Effect\":\"Allow\",\"Resource\":\"*\"}],\"Version\":\"2012-10-17\"}",
            "policy_id": "ANPASZVIDJXHPUPUVCVE2",
            "tags": {},
            "tags_all": {}
          },
          "sensitive_attributes": [],
          "private": "bnVsbA=="
        }
      ]
    },
    {
      "mode": "managed",
      "type": "aws_iam_policy",
      "name": "adminUser1",
      "provider": "provider[\"registry.terraform.io/hashicorp/aws\"]",
      "instances": [
        {
          "schema_version": 0,
          "attributes": {
            "arn": "arn:aws:iam::192552324558:policy/AdminUserPolicy1",
            "attachment_count": 1,
            "description": "",
            "id": "arn:aws:iam::192552324558:policy/AdminUserPolicy1",
            "name": "AdminUserPolicy1",
            "name_prefix": "",
            "path": "/",
            "policy": "{\"Statement\":[{\"Action\":\"*\",\"Effect\":\"Allow\",\"Resource\":\"*\"}],\"Version\":\"2012-10-17\"}",
            "policy_id": "ANPASZVIDJXHMI355POWP",
            "tags": {},
            "tags_all": {}
          },
          "sensitive_attributes": [],
          "private": "bnVsbA=="
        }
      ]
    },
    {
      "mode": "managed",
      "type": "aws_iam_user",
      "name": "admin-user",
      "provider": "provider[\"registry.terraform.io/hashicorp/aws\"]",
      "instances": [
        {
          "schema_version": 0,
          "attributes": {
            "arn": "arn:aws:iam::192552324558:user/ram-sre",
            "force_destroy": false,
            "id": "ram-sre",
            "name": "ram-sre",
            "path": "/",
            "permissions_boundary": "",
            "tags": {
              "Description": "techSRE"
            },
            "tags_all": {
              "Description": "techSRE"
            },
            "unique_id": "AIDASZVIDJXHDQQ2MLA64"
          },
          "sensitive_attributes": [],
          "private": "bnVsbA=="
        }
      ]
    },
    {
      "mode": "managed",
      "type": "aws_iam_user",
      "name": "admin-user-ram",
      "provider": "provider[\"registry.terraform.io/hashicorp/aws\"]",
      "instances": [
        {
          "schema_version": 0,
          "attributes": {
            "arn": "arn:aws:iam::192552324558:user/ram-admin",
            "force_destroy": false,
            "id": "ram-admin",
            "name": "ram-admin",
            "path": "/",
            "permissions_boundary": "",
            "tags": {
              "Description": "this is ram user created from tf"
            },
            "tags_all": {
              "Description": "this is ram user created from tf"
            },
            "unique_id": "AIDASZVIDJXHG2LSBJ2QN"
          },
          "sensitive_attributes": [],
          "private": "bnVsbA=="
        }
      ]
    },
    {
      "mode": "managed",
      "type": "aws_iam_user",
      "name": "admin-user-ram1",
      "provider": "provider[\"registry.terraform.io/hashicorp/aws\"]",
      "instances": [
        {
          "index_key": "user1",
          "schema_version": 0,
          "attributes": {
            "arn": "arn:aws:iam::192552324558:user/user1",
            "force_destroy": false,
            "id": "user1",
            "name": "user1",
            "path": "/",
            "permissions_boundary": "",
            "tags": {
              "Description": "this is ram user created from tf"
            },
            "tags_all": {
              "Description": "this is ram user created from tf"
            },
            "unique_id": "AIDASZVIDJXHIE2ANHSFK"
          },
          "sensitive_attributes": [],
          "private": "bnVsbA=="
        },
        {
          "index_key": "user2",
          "schema_version": 0,
          "attributes": {
            "arn": "arn:aws:iam::192552324558:user/user2",
            "force_destroy": false,
            "id": "user2",
            "name": "user2",
            "path": "/",
            "permissions_boundary": "",
            "tags": {
              "Description": "this is ram user created from tf"
            },
            "tags_all": {
              "Description": "this is ram user created from tf"
            },
            "unique_id": "AIDASZVIDJXHHIETNOAGN"
          },
          "sensitive_attributes": [],
          "private": "bnVsbA=="
        },
        {
          "index_key": "user3",
          "schema_version": 0,
          "attributes": {
            "arn": "arn:aws:iam::192552324558:user/user3",
            "force_destroy": false,
            "id": "user3",
            "name": "user3",
            "path": "/",
            "permissions_boundary": "",
            "tags": {
              "Description": "this is ram user created from tf"
            },
            "tags_all": {
              "Description": "this is ram user created from tf"
            },
            "unique_id": "AIDASZVIDJXHHUXFD4GK2"
          },
          "sensitive_attributes": [],
          "private": "bnVsbA=="
        },
        {
          "index_key": "user4",
          "schema_version": 0,
          "attributes": {
            "arn": "arn:aws:iam::192552324558:user/user4",
            "force_destroy": false,
            "id": "user4",
            "name": "user4",
            "path": "/",
            "permissions_boundary": "",
            "tags": {
              "Description": "this is ram user created from tf"
            },
            "tags_all": {
              "Description": "this is ram user created from tf"
            },
            "unique_id": "AIDASZVIDJXHN2JOUEYSW"
          },
          "sensitive_attributes": [],
          "private": "bnVsbA=="
        },
        {
          "index_key": "user5",
          "schema_version": 0,
          "attributes": {
            "arn": "arn:aws:iam::192552324558:user/user5",
            "force_destroy": false,
            "id": "user5",
            "name": "user5",
            "path": "/",
            "permissions_boundary": "",
            "tags": {
              "Description": "this is ram user created from tf"
            },
            "tags_all": {
              "Description": "this is ram user created from tf"
            },
            "unique_id": "AIDASZVIDJXHPBDAQELQC"
          },
          "sensitive_attributes": [],
          "private": "bnVsbA=="
        },
        {
          "index_key": "user6",
          "schema_version": 0,
          "attributes": {
            "arn": "arn:aws:iam::192552324558:user/user6",
            "force_destroy": false,
            "id": "user6",
            "name": "user6",
            "path": "/",
            "permissions_boundary": "",
            "tags": {
              "Description": "this is ram user created from tf"
            },
            "tags_all": {
              "Description": "this is ram user created from tf"
            },
            "unique_id": "AIDASZVIDJXHAUPJRUZIY"
          },
          "sensitive_attributes": [],
          "private": "bnVsbA=="
        }
      ]
    },
    {
      "mode": "managed",
      "type": "aws_iam_user",
      "name": "admin-user1",
      "provider": "provider[\"registry.terraform.io/hashicorp/aws\"]",
      "instances": [
        {
          "schema_version": 0,
          "attributes": {
            "arn": "arn:aws:iam::192552324558:user/ram-sre1",
            "force_destroy": false,
            "id": "ram-sre1",
            "name": "ram-sre1",
            "path": "/",
            "permissions_boundary": "",
            "tags": {
              "Description": "techSRE"
            },
            "tags_all": {
              "Description": "techSRE"
            },
            "unique_id": "AIDASZVIDJXHGQWBD6R7D"
          },
          "sensitive_attributes": [],
          "private": "bnVsbA=="
        }
      ]
    },
    {
      "mode": "managed",
      "type": "aws_iam_user_policy_attachment",
      "name": "ram-admin-access",
      "provider": "provider[\"registry.terraform.io/hashicorp/aws\"]",
      "instances": [
        {
          "schema_version": 0,
          "attributes": {
            "id": "ram-sre-20240714020308022700000001",
            "policy_arn": "arn:aws:iam::192552324558:policy/AdminUserPolicy",
            "user": "ram-sre"
          },
          "sensitive_attributes": [],
          "private": "bnVsbA==",
          "dependencies": [
            "aws_iam_policy.adminUser",
            "aws_iam_user.admin-user"
          ]
        }
      ]
    },
    {
      "mode": "managed",
      "type": "aws_iam_user_policy_attachment",
      "name": "ram-admin-access1",
      "provider": "provider[\"registry.terraform.io/hashicorp/aws\"]",
      "instances": [
        {
          "schema_version": 0,
          "attributes": {
            "id": "ram-sre1-20240714020955690800000001",
            "policy_arn": "arn:aws:iam::192552324558:policy/AdminUserPolicy1",
            "user": "ram-sre1"
          },
          "sensitive_attributes": [],
          "private": "bnVsbA==",
          "dependencies": [
            "aws_iam_policy.adminUser1",
            "aws_iam_user.admin-user1"
          ]
        }
      ]
    },
    {
      "mode": "managed",
      "type": "aws_s3_bucket",
      "name": "finance",
      "provider": "provider[\"registry.terraform.io/hashicorp/aws\"]",
      "instances": [
        {
          "schema_version": 0,
          "attributes": {
            "acceleration_status": "",
            "acl": null,
            "arn": "arn:aws:s3:::finanace-july",
            "bucket": "finanace-july",
            "bucket_domain_name": "finanace-july.s3.amazonaws.com",
            "bucket_prefix": "",
            "bucket_regional_domain_name": "finanace-july.s3.us-east-1.amazonaws.com",
            "cors_rule": [],
            "force_destroy": false,
            "grant": [
              {
                "id": "685d964da3c8383f77099a5f57de2c57f3066a94ba877c27777992b39384ee58",
                "permissions": [
                  "FULL_CONTROL"
                ],
                "type": "CanonicalUser",
                "uri": ""
              }
            ],
            "hosted_zone_id": "Z3AQBSTGFYJSTF",
            "id": "finanace-july",
            "lifecycle_rule": [],
            "logging": [],
            "object_lock_configuration": [],
            "object_lock_enabled": false,
            "policy": "",
            "region": "us-east-1",
            "replication_configuration": [],
            "request_payer": "BucketOwner",
            "server_side_encryption_configuration": [
              {
                "rule": [
                  {
                    "apply_server_side_encryption_by_default": [
                      {
                        "kms_master_key_id": "",
                        "sse_algorithm": "AES256"
                      }
                    ],
                    "bucket_key_enabled": false
                  }
                ]
              }
            ],
            "tags": {
              "Description": "Finance and payroll"
            },
            "tags_all": {
              "Description": "Finance and payroll"
            },
            "timeouts": null,
            "versioning": [
              {
                "enabled": false,
                "mfa_delete": false
              }
            ],
            "website": [],
            "website_domain": null,
            "website_endpoint": null
          },
          "sensitive_attributes": [],
          "private": "eyJlMmJmYjczMC1lY2FhLTExZTYtOGY4OC0zNDM2M2JjN2M0YzAiOnsiY3JlYXRlIjoxMjAwMDAwMDAwMDAwLCJkZWxldGUiOjM2MDAwMDAwMDAwMDAsInJlYWQiOjEyMDAwMDAwMDAwMDAsInVwZGF0ZSI6MTIwMDAwMDAwMDAwMH19"
        }
      ]
    },
    {
      "mode": "managed",
      "type": "aws_s3_bucket",
      "name": "finance1",
      "provider": "provider[\"registry.terraform.io/hashicorp/aws\"]",
      "instances": [
        {
          "schema_version": 0,
          "attributes": {
            "acceleration_status": "",
            "acl": null,
            "arn": "arn:aws:s3:::finanace-july1",
            "bucket": "finanace-july1",
            "bucket_domain_name": "finanace-july1.s3.amazonaws.com",
            "bucket_prefix": "",
            "bucket_regional_domain_name": "finanace-july1.s3.us-east-1.amazonaws.com",
            "cors_rule": [],
            "force_destroy": false,
            "grant": [
              {
                "id": "685d964da3c8383f77099a5f57de2c57f3066a94ba877c27777992b39384ee58",
                "permissions": [
                  "FULL_CONTROL"
                ],
                "type": "CanonicalUser",
                "uri": ""
              }
            ],
            "hosted_zone_id": "Z3AQBSTGFYJSTF",
            "id": "finanace-july1",
            "lifecycle_rule": [],
            "logging": [],
            "object_lock_configuration": [],
            "object_lock_enabled": false,
            "policy": "",
            "region": "us-east-1",
            "replication_configuration": [],
            "request_payer": "BucketOwner",
            "server_side_encryption_configuration": [
              {
                "rule": [
                  {
                    "apply_server_side_encryption_by_default": [
                      {
                        "kms_master_key_id": "",
                        "sse_algorithm": "AES256"
                      }
                    ],
                    "bucket_key_enabled": false
                  }
                ]
              }
            ],
            "tags": {
              "Description": "Finance and payroll"
            },
            "tags_all": {
              "Description": "Finance and payroll"
            },
            "timeouts": null,
            "versioning": [
              {
                "enabled": false,
                "mfa_delete": false
              }
            ],
            "website": [],
            "website_domain": null,
            "website_endpoint": null
          },
          "sensitive_attributes": [],
          "private": "eyJlMmJmYjczMC1lY2FhLTExZTYtOGY4OC0zNDM2M2JjN2M0YzAiOnsiY3JlYXRlIjoxMjAwMDAwMDAwMDAwLCJkZWxldGUiOjM2MDAwMDAwMDAwMDAsInJlYWQiOjEyMDAwMDAwMDAwMDAsInVwZGF0ZSI6MTIwMDAwMDAwMDAwMH19"
        }
      ]
    },
    {
      "mode": "managed",
      "type": "aws_s3_bucket_object",
      "name": "finance-2024",
      "provider": "provider[\"registry.terraform.io/hashicorp/aws\"]",
      "instances": [
        {
          "schema_version": 0,
          "attributes": {
            "acl": "private",
            "arn": "arn:aws:s3:::finanace-july/finance-2024-policy.tf",
            "bucket": "finanace-july",
            "bucket_key_enabled": false,
            "cache_control": "",
            "content": "\n\nresource \"aws_iam_user\" \"admin-user\" {\n    name = \"ram-sre\"\n    tags = {\n        Description = \"techSRE\"\n    }\n}\n\nresource \"aws_iam_policy\" \"adminUser\" {\n    name = \"AdminUserPolicy\"\n    policy = \u003c\u003cEOF\n       {\n  \"Version\": \"2012-10-17\",\n  \"Statement\": [\n    {\n      \"Effect\": \"Allow\",\n      \"Action\": \"*\",\n      \"Resource\": \"*\"\n    }\n  ]\n}\nEOF\n}\n\nresource \"aws_iam_user_policy_attachment\" \"ram-admin-access\" {\n    user = aws_iam_user.admin-user.name\n    policy_arn = aws_iam_policy.adminUser.arn\n}",
            "content_base64": null,
            "content_disposition": "",
            "content_encoding": "",
            "content_language": "",
            "content_type": "application/octet-stream",
            "etag": "94d7cc0b47ba8bb6c3318006a375e423",
            "force_destroy": false,
            "id": "finance-2024-policy.tf",
            "key": "finance-2024-policy.tf",
            "kms_key_id": null,
            "metadata": {},
            "object_lock_legal_hold_status": "",
            "object_lock_mode": "",
            "object_lock_retain_until_date": "",
            "server_side_encryption": "AES256",
            "source": null,
            "source_hash": null,
            "storage_class": "STANDARD",
            "tags": {},
            "tags_all": {},
            "version_id": "",
            "website_redirect": ""
          },
          "sensitive_attributes": [],
          "private": "bnVsbA==",
          "dependencies": [
            "aws_s3_bucket.finance"
          ]
        }
      ]
    },
    {
      "mode": "managed",
      "type": "aws_s3_bucket_object",
      "name": "finance-20241",
      "provider": "provider[\"registry.terraform.io/hashicorp/aws\"]",
      "instances": [
        {
          "schema_version": 0,
          "attributes": {
            "acl": "private",
            "arn": "arn:aws:s3:::finanace-july1/finance-20241-policy.tf",
            "bucket": "finanace-july1",
            "bucket_key_enabled": false,
            "cache_control": "",
            "content": "\n\nresource \"aws_iam_user\" \"admin-user\" {\n    name = \"ram-sre\"\n    tags = {\n        Description = \"techSRE\"\n    }\n}\n\nresource \"aws_iam_policy\" \"adminUser\" {\n    name = \"AdminUserPolicy\"\n    policy = \u003c\u003cEOF\n       {\n  \"Version\": \"2012-10-17\",\n  \"Statement\": [\n    {\n      \"Effect\": \"Allow\",\n      \"Action\": \"*\",\n      \"Resource\": \"*\"\n    }\n  ]\n}\nEOF\n}\n\nresource \"aws_iam_user_policy_attachment\" \"ram-admin-access\" {\n    user = aws_iam_user.admin-user.name\n    policy_arn = aws_iam_policy.adminUser.arn\n}",
            "content_base64": null,
            "content_disposition": "",
            "content_encoding": "",
            "content_language": "",
            "content_type": "application/octet-stream",
            "etag": "94d7cc0b47ba8bb6c3318006a375e423",
            "force_destroy": false,
            "id": "finance-20241-policy.tf",
            "key": "finance-20241-policy.tf",
            "kms_key_id": null,
            "metadata": {},
            "object_lock_legal_hold_status": "",
            "object_lock_mode": "",
            "object_lock_retain_until_date": "",
            "server_side_encryption": "AES256",
            "source": null,
            "source_hash": null,
            "storage_class": "STANDARD",
            "tags": {},
            "tags_all": {},
            "version_id": "",
            "website_redirect": ""
          },
          "sensitive_attributes": [],
          "private": "bnVsbA==",
          "dependencies": [
            "aws_s3_bucket.finance1"
          ]
        }
      ]
    }
  ],
  "check_results": null
}
